{
  "name": "fire",
  "version": "1.0.0",
  "lockfileVersion": 1,
  "requires": true,
  "dependencies": {
    "recursive-readdir-sync": {
      "version": "1.0.6",
      "resolved": "https://registry.npmjs.org/recursive-readdir-sync/-/recursive-readdir-sync-1.0.6.tgz",
      "integrity": "sha1-Hb9tMvPFu4083pemxYjVR6nhPVY="
    },
    "treeprogram": {
      "version": "8.0.1",
      "resolved": "https://registry.npmjs.org/treeprogram/-/treeprogram-8.0.1.tgz",
      "integrity": "sha512-HLnWU4abCSmkaFmuJUJab8ddLV2zU4yYNCc5qe647SvEdVjv5SetoEX+7/jHemyKXRX7utKKaOGhfF+l9halxA==",
      "requires": {
        "recursive-readdir-sync": "1.0.6"
      }
    }
  }
}
